
Microsoft Visual Studio Solution File, Format Version 12.00
# Visual Studio 2013
VisualStudioVersion = 12.0.21005.1
MinimumVisualStudioVersion = 10.0.40219.1
Project("{8BC9CEB8-8B4A-11D0-8D11-00A0C91BC942}") = "openglstuff", "openglstuff\openglstuff.vcxproj", "{E5A6EF59-56E4-434E-9016-AF58C12C75A8}"
EndProject
Global
	GlobalSection(SolutionConfigurationPlatforms) = preSolution
		Debug|Win32 = Debug|Win32
		Release|Win32 = Release|Win32
	EndGlobalSection
	GlobalSection(ProjectConfigurationPlatforms) = postSolution
		{E5A6EF59-56E4-434E-9016-AF58C12C75A8}.Debug|Win32.ActiveCfg = Debug|Win32
		{E5A6EF59-56E4-434E-9016-AF58C12C75A8}.Debug|Win32.Build.0 = Debug|Win32
		{E5A6EF59-56E4-434E-9016-AF58C12C75A8}.Release|Win32.ActiveCfg = Release|Win32
		{E5A6EF59-56E4-434E-9016-AF58C12C75A8}.Release|Win32.Build.0 = Release|Win32
	EndGlobalSection
	GlobalSection(SolutionProperties) = preSolution
		HideSolutionNode = FALSE
	EndGlobalSection
EndGlobal
